
Microsoft Visual Studio Solution File, Format Version 12.00
# Visual Studio 15
VisualStudioVersion = 15.0.27703.2026
MinimumVisualStudioVersion = 10.0.40219.1
Project("{FAE04EC0-301F-11D3-BF4B-00C04F79EFBC}") = "MusicStore", "MusicStore\MusicStore.csproj", "{2DCAD3E9-BE22-4034-A16D-4D7D6EDC9326}"
EndProject
Global
	GlobalSection(SolutionConfigurationPlatforms) = preSolution
		Debug|Any CPU = Debug|Any CPU
		Release|Any CPU = Release|Any CPU
	EndGlobalSection
	GlobalSection(ProjectConfigurationPlatforms) = postSolution
		{2DCAD3E9-BE22-4034-A16D-4D7D6EDC9326}.Debug|Any CPU.ActiveCfg = Debug|Any CPU
		{2DCAD3E9-BE22-4034-A16D-4D7D6EDC9326}.Debug|Any CPU.Build.0 = Debug|Any CPU
		{2DCAD3E9-BE22-4034-A16D-4D7D6EDC9326}.Release|Any CPU.ActiveCfg = Release|Any CPU
		{2DCAD3E9-BE22-4034-A16D-4D7D6EDC9326}.Release|Any CPU.Build.0 = Release|Any CPU
	EndGlobalSection
	GlobalSection(SolutionProperties) = preSolution
		HideSolutionNode = FALSE
	EndGlobalSection
	GlobalSection(ExtensibilityGlobals) = postSolution
		SolutionGuid = {F1078DA0-D066-401E-9113-46735109EE5A}
	EndGlobalSection
EndGlobal
